{
  "lockfileVersion": 1,
  "configVersion": 0,
  "workspaces": {
    "": {
      "name": "vamos-hose",
      "dependencies": {
        "openchemlib": "^9.20.0",
        "smiles-js": "^2.2.0",
      },
    },
  },
  "packages": {
    "openchemlib": ["openchemlib@9.20.0", "", {}, "sha512-ttpQAiwUIjkn6SQrYc1KGy2IS5fP1OaARcafgaVjFykl4/aOqJgnxUtDoAjmFRei4WAUNVTkqVThlIskP36KxA=="],

    "smiles-js": ["smiles-js@2.2.0", "", {}, "sha512-RvJszpzSVHSj9EWTR+D4yqxyrlxfo2h5A94gg4e9Hckthqj/sbslnyX37W/41pNaqaeHTFqecF3Z45PIY2mB7w=="],
  }
}
