{
  "name": "vamos-hose",
  "version": "1.0.0",
  "lockfileVersion": 3,
  "requires": true,
  "packages": {
    "": {
      "name": "vamos-hose",
      "version": "1.0.0",
      "license": "Apache-2.0",
      "dependencies": {
        "openchemlib": "^9.20.0"
      }
    },
    "node_modules/openchemlib": {
      "version": "9.20.0",
      "resolved": "https://registry.npmjs.org/openchemlib/-/openchemlib-9.20.0.tgz",
      "integrity": "sha512-ttpQAiwUIjkn6SQrYc1KGy2IS5fP1OaARcafgaVjFykl4/aOqJgnxUtDoAjmFRei4WAUNVTkqVThlIskP36KxA==",
      "license": "BSD-3-Clause"
    }
  }
}
